
Microsoft Visual Studio Solution File, Format Version 12.00
# Visual Studio Version 17
VisualStudioVersion = 17.10.35122.118
MinimumVisualStudioVersion = 10.0.40219.1
Project("{9A19103F-16F7-4668-BE54-9A1E7A4F7556}") = "Branef.Empresas.API", "Branef.Empresas.API\Branef.Empresas.API.csproj", "{979C061F-0690-4C30-A09D-3DA8FC4217AC}"
EndProject
Project("{9A19103F-16F7-4668-BE54-9A1E7A4F7556}") = "Branef.Empresas.Data", "Branef.Empresas.Data\Branef.Empresas.Data.csproj", "{343A89CF-CDC7-4FDB-A449-557865784137}"
EndProject
Project("{9A19103F-16F7-4668-BE54-9A1E7A4F7556}") = "Branef.Empresas.DB", "Branef.Empresas.DB\Branef.Empresas.DB.csproj", "{8027F598-7A3D-4680-90A2-7DAFC5405389}"
EndProject
Project("{9A19103F-16F7-4668-BE54-9A1E7A4F7556}") = "Branef.Empresas.Domain", "Branef.Empresas.Domain\Branef.Empresas.Domain.csproj", "{2089DDE3-A094-4BFA-802B-F3B2F98171B1}"
EndProject
Project("{9A19103F-16F7-4668-BE54-9A1E7A4F7556}") = "Branef.Empresas.Repositories", "Branef.Empresas.Repositories\Branef.Empresas.Repositories.csproj", "{BD17FEC8-5BB6-46BB-982B-32BB816BCAC7}"
EndProject
Project("{9A19103F-16F7-4668-BE54-9A1E7A4F7556}") = "Branef.Empresas.Services", "Branef.Empresas.Services\Branef.Empresas.Services.csproj", "{16E92336-CF58-4EA5-AACB-03FDDF4F1BEB}"
EndProject
Project("{9A19103F-16F7-4668-BE54-9A1E7A4F7556}") = "Branef.Empresas.DependencyInjection", "Branef.Empresas.DependencyInjection\Branef.Empresas.DependencyInjection.csproj", "{BF8EEF50-D08A-463F-BD42-0FD3A2C3CE02}"
EndProject
Project("{9A19103F-16F7-4668-BE54-9A1E7A4F7556}") = "Branef.Empresas.Tests", "Branef.Empresas.Tests\Branef.Empresas.Tests.csproj", "{721954CA-6B82-4E2D-A4BD-E8AB9F4A30FD}"
EndProject
Project("{9A19103F-16F7-4668-BE54-9A1E7A4F7556}") = "Branef.Empresas.Consumers", "Branef.Empresas.Consumers\Branef.Empresas.Consumers.csproj", "{DB092C70-5613-453D-9074-AD91346044E4}"
EndProject
Project("{2150E333-8FDC-42A3-9474-1A3956D46DE8}") = "SolutionItems", "SolutionItems", "{FCEE08D6-B701-40E8-9F52-7101F207BDB2}"
	ProjectSection(SolutionItems) = preProject
		sharedsettings.json = sharedsettings.json
	EndProjectSection
EndProject
Global
	GlobalSection(SolutionConfigurationPlatforms) = preSolution
		Debug|Any CPU = Debug|Any CPU
		Release|Any CPU = Release|Any CPU
	EndGlobalSection
	GlobalSection(ProjectConfigurationPlatforms) = postSolution
		{979C061F-0690-4C30-A09D-3DA8FC4217AC}.Debug|Any CPU.ActiveCfg = Debug|Any CPU
		{979C061F-0690-4C30-A09D-3DA8FC4217AC}.Debug|Any CPU.Build.0 = Debug|Any CPU
		{979C061F-0690-4C30-A09D-3DA8FC4217AC}.Release|Any CPU.ActiveCfg = Release|Any CPU
		{979C061F-0690-4C30-A09D-3DA8FC4217AC}.Release|Any CPU.Build.0 = Release|Any CPU
		{343A89CF-CDC7-4FDB-A449-557865784137}.Debug|Any CPU.ActiveCfg = Debug|Any CPU
		{343A89CF-CDC7-4FDB-A449-557865784137}.Debug|Any CPU.Build.0 = Debug|Any CPU
		{343A89CF-CDC7-4FDB-A449-557865784137}.Release|Any CPU.ActiveCfg = Release|Any CPU
		{343A89CF-CDC7-4FDB-A449-557865784137}.Release|Any CPU.Build.0 = Release|Any CPU
		{8027F598-7A3D-4680-90A2-7DAFC5405389}.Debug|Any CPU.ActiveCfg = Debug|Any CPU
		{8027F598-7A3D-4680-90A2-7DAFC5405389}.Debug|Any CPU.Build.0 = Debug|Any CPU
		{8027F598-7A3D-4680-90A2-7DAFC5405389}.Release|Any CPU.ActiveCfg = Release|Any CPU
		{8027F598-7A3D-4680-90A2-7DAFC5405389}.Release|Any CPU.Build.0 = Release|Any CPU
		{2089DDE3-A094-4BFA-802B-F3B2F98171B1}.Debug|Any CPU.ActiveCfg = Debug|Any CPU
		{2089DDE3-A094-4BFA-802B-F3B2F98171B1}.Debug|Any CPU.Build.0 = Debug|Any CPU
		{2089DDE3-A094-4BFA-802B-F3B2F98171B1}.Release|Any CPU.ActiveCfg = Release|Any CPU
		{2089DDE3-A094-4BFA-802B-F3B2F98171B1}.Release|Any CPU.Build.0 = Release|Any CPU
		{BD17FEC8-5BB6-46BB-982B-32BB816BCAC7}.Debug|Any CPU.ActiveCfg = Debug|Any CPU
		{BD17FEC8-5BB6-46BB-982B-32BB816BCAC7}.Debug|Any CPU.Build.0 = Debug|Any CPU
		{BD17FEC8-5BB6-46BB-982B-32BB816BCAC7}.Release|Any CPU.ActiveCfg = Release|Any CPU
		{BD17FEC8-5BB6-46BB-982B-32BB816BCAC7}.Release|Any CPU.Build.0 = Release|Any CPU
		{16E92336-CF58-4EA5-AACB-03FDDF4F1BEB}.Debug|Any CPU.ActiveCfg = Debug|Any CPU
		{16E92336-CF58-4EA5-AACB-03FDDF4F1BEB}.Debug|Any CPU.Build.0 = Debug|Any CPU
		{16E92336-CF58-4EA5-AACB-03FDDF4F1BEB}.Release|Any CPU.ActiveCfg = Release|Any CPU
		{16E92336-CF58-4EA5-AACB-03FDDF4F1BEB}.Release|Any CPU.Build.0 = Release|Any CPU
		{BF8EEF50-D08A-463F-BD42-0FD3A2C3CE02}.Debug|Any CPU.ActiveCfg = Debug|Any CPU
		{BF8EEF50-D08A-463F-BD42-0FD3A2C3CE02}.Debug|Any CPU.Build.0 = Debug|Any CPU
		{BF8EEF50-D08A-463F-BD42-0FD3A2C3CE02}.Release|Any CPU.ActiveCfg = Release|Any CPU
		{BF8EEF50-D08A-463F-BD42-0FD3A2C3CE02}.Release|Any CPU.Build.0 = Release|Any CPU
		{721954CA-6B82-4E2D-A4BD-E8AB9F4A30FD}.Debug|Any CPU.ActiveCfg = Debug|Any CPU
		{721954CA-6B82-4E2D-A4BD-E8AB9F4A30FD}.Debug|Any CPU.Build.0 = Debug|Any CPU
		{721954CA-6B82-4E2D-A4BD-E8AB9F4A30FD}.Release|Any CPU.ActiveCfg = Release|Any CPU
		{721954CA-6B82-4E2D-A4BD-E8AB9F4A30FD}.Release|Any CPU.Build.0 = Release|Any CPU
		{DB092C70-5613-453D-9074-AD91346044E4}.Debug|Any CPU.ActiveCfg = Debug|Any CPU
		{DB092C70-5613-453D-9074-AD91346044E4}.Debug|Any CPU.Build.0 = Debug|Any CPU
		{DB092C70-5613-453D-9074-AD91346044E4}.Release|Any CPU.ActiveCfg = Release|Any CPU
		{DB092C70-5613-453D-9074-AD91346044E4}.Release|Any CPU.Build.0 = Release|Any CPU
	EndGlobalSection
	GlobalSection(SolutionProperties) = preSolution
		HideSolutionNode = FALSE
	EndGlobalSection
	GlobalSection(ExtensibilityGlobals) = postSolution
		SolutionGuid = {46C2999C-08C7-4286-A436-9E6CB3EFFC34}
	EndGlobalSection
EndGlobal
